
Microsoft Visual Studio Solution File, Format Version 12.00
# Visual Studio Version 17
VisualStudioVersion = 17.7.34024.191
MinimumVisualStudioVersion = 10.0.40219.1
Project("{FAE04EC0-301F-11D3-BF4B-00C04F79EFBC}") = "JokesApp", "JokesApp.csproj", "{F60614C2-B1AA-4A8B-8F2C-F3F121AA0555}"
EndProject
Global
	GlobalSection(SolutionConfigurationPlatforms) = preSolution
		Debug|Any CPU = Debug|Any CPU
		Release|Any CPU = Release|Any CPU
	EndGlobalSection
	GlobalSection(ProjectConfigurationPlatforms) = postSolution
		{F60614C2-B1AA-4A8B-8F2C-F3F121AA0555}.Debug|Any CPU.ActiveCfg = Debug|Any CPU
		{F60614C2-B1AA-4A8B-8F2C-F3F121AA0555}.Debug|Any CPU.Build.0 = Debug|Any CPU
		{F60614C2-B1AA-4A8B-8F2C-F3F121AA0555}.Release|Any CPU.ActiveCfg = Release|Any CPU
		{F60614C2-B1AA-4A8B-8F2C-F3F121AA0555}.Release|Any CPU.Build.0 = Release|Any CPU
	EndGlobalSection
	GlobalSection(SolutionProperties) = preSolution
		HideSolutionNode = FALSE
	EndGlobalSection
	GlobalSection(ExtensibilityGlobals) = postSolution
		SolutionGuid = {F2B01CB7-7E09-49C6-9286-B6D34AAA1E66}
	EndGlobalSection
EndGlobal
